
Microsoft Visual Studio Solution File, Format Version 11.00
# Visual Studio 2010
Project("{8BC9CEB8-8B4A-11D0-8D11-00A0C91BC942}") = "vs2010", "vs2010.vcxproj", "{88656884-1A8E-4181-86E8-272FFE3F0731}"
EndProject
Global
	GlobalSection(SolutionConfigurationPlatforms) = preSolution
		Debug|Win32 = Debug|Win32
		Release|Win32 = Release|Win32
	EndGlobalSection
	GlobalSection(ProjectConfigurationPlatforms) = postSolution
		{88656884-1A8E-4181-86E8-272FFE3F0731}.Debug|Win32.ActiveCfg = Debug|Win32
		{88656884-1A8E-4181-86E8-272FFE3F0731}.Debug|Win32.Build.0 = Debug|Win32
		{88656884-1A8E-4181-86E8-272FFE3F0731}.Release|Win32.ActiveCfg = Release|Win32
		{88656884-1A8E-4181-86E8-272FFE3F0731}.Release|Win32.Build.0 = Release|Win32
	EndGlobalSection
	GlobalSection(SolutionProperties) = preSolution
		HideSolutionNode = FALSE
	EndGlobalSection
EndGlobal
